
Microsoft Visual Studio Solution File, Format Version 12.00
# Visual Studio Version 16
VisualStudioVersion = 16.0.29519.181
MinimumVisualStudioVersion = 10.0.40219.1
Project("{FAE04EC0-301F-11D3-BF4B-00C04F79EFBC}") = "Flax", "Flax\Flax.csproj", "{01689004-1964-44A6-8992-688EA3E4F866}"
EndProject
Project("{FAE04EC0-301F-11D3-BF4B-00C04F79EFBC}") = "Flax.Tests", "Flax.Tests\Flax.Tests.csproj", "{33BC6BE8-E13E-4508-9495-3477D284049C}"
EndProject
Project("{FAE04EC0-301F-11D3-BF4B-00C04F79EFBC}") = "Flax.Mcp", "Flax.Mcp\Flax.Mcp.csproj", "{8297BCBC-A029-4217-ADFA-243A09BF7969}"
EndProject
Project("{FAE04EC0-301F-11D3-BF4B-00C04F79EFBC}") = "Flax.Mcp.Tests", "Flax.Mcp.Tests\Flax.Mcp.Tests.csproj", "{D2F7B872-FC50-4693-B5BD-F31698AEBE95}"
EndProject
Global
	GlobalSection(SolutionConfigurationPlatforms) = preSolution
		Debug|Any CPU = Debug|Any CPU
		Debug|x64 = Debug|x64
		Debug|x86 = Debug|x86
		Release|Any CPU = Release|Any CPU
		Release|x64 = Release|x64
		Release|x86 = Release|x86
	EndGlobalSection
	GlobalSection(ProjectConfigurationPlatforms) = postSolution
		{01689004-1964-44A6-8992-688EA3E4F866}.Debug|Any CPU.ActiveCfg = Debug|Any CPU
		{01689004-1964-44A6-8992-688EA3E4F866}.Debug|Any CPU.Build.0 = Debug|Any CPU
		{01689004-1964-44A6-8992-688EA3E4F866}.Debug|x64.ActiveCfg = Debug|Any CPU
		{01689004-1964-44A6-8992-688EA3E4F866}.Debug|x64.Build.0 = Debug|Any CPU
		{01689004-1964-44A6-8992-688EA3E4F866}.Debug|x86.ActiveCfg = Debug|Any CPU
		{01689004-1964-44A6-8992-688EA3E4F866}.Debug|x86.Build.0 = Debug|Any CPU
		{01689004-1964-44A6-8992-688EA3E4F866}.Release|Any CPU.ActiveCfg = Release|Any CPU
		{01689004-1964-44A6-8992-688EA3E4F866}.Release|Any CPU.Build.0 = Release|Any CPU
		{01689004-1964-44A6-8992-688EA3E4F866}.Release|x64.ActiveCfg = Release|Any CPU
		{01689004-1964-44A6-8992-688EA3E4F866}.Release|x64.Build.0 = Release|Any CPU
		{01689004-1964-44A6-8992-688EA3E4F866}.Release|x86.ActiveCfg = Release|Any CPU
		{01689004-1964-44A6-8992-688EA3E4F866}.Release|x86.Build.0 = Release|Any CPU
		{33BC6BE8-E13E-4508-9495-3477D284049C}.Debug|Any CPU.ActiveCfg = Debug|Any CPU
		{33BC6BE8-E13E-4508-9495-3477D284049C}.Debug|Any CPU.Build.0 = Debug|Any CPU
		{33BC6BE8-E13E-4508-9495-3477D284049C}.Debug|x64.ActiveCfg = Debug|Any CPU
		{33BC6BE8-E13E-4508-9495-3477D284049C}.Debug|x64.Build.0 = Debug|Any CPU
		{33BC6BE8-E13E-4508-9495-3477D284049C}.Debug|x86.ActiveCfg = Debug|Any CPU
		{33BC6BE8-E13E-4508-9495-3477D284049C}.Debug|x86.Build.0 = Debug|Any CPU
		{33BC6BE8-E13E-4508-9495-3477D284049C}.Release|Any CPU.ActiveCfg = Release|Any CPU
		{33BC6BE8-E13E-4508-9495-3477D284049C}.Release|Any CPU.Build.0 = Release|Any CPU
		{33BC6BE8-E13E-4508-9495-3477D284049C}.Release|x64.ActiveCfg = Release|Any CPU
		{33BC6BE8-E13E-4508-9495-3477D284049C}.Release|x64.Build.0 = Release|Any CPU
		{33BC6BE8-E13E-4508-9495-3477D284049C}.Release|x86.ActiveCfg = Release|Any CPU
		{33BC6BE8-E13E-4508-9495-3477D284049C}.Release|x86.Build.0 = Release|Any CPU
		{8297BCBC-A029-4217-ADFA-243A09BF7969}.Debug|Any CPU.ActiveCfg = Debug|Any CPU
		{8297BCBC-A029-4217-ADFA-243A09BF7969}.Debug|Any CPU.Build.0 = Debug|Any CPU
		{8297BCBC-A029-4217-ADFA-243A09BF7969}.Debug|x64.ActiveCfg = Debug|Any CPU
		{8297BCBC-A029-4217-ADFA-243A09BF7969}.Debug|x64.Build.0 = Debug|Any CPU
		{8297BCBC-A029-4217-ADFA-243A09BF7969}.Debug|x86.ActiveCfg = Debug|Any CPU
		{8297BCBC-A029-4217-ADFA-243A09BF7969}.Debug|x86.Build.0 = Debug|Any CPU
		{8297BCBC-A029-4217-ADFA-243A09BF7969}.Release|Any CPU.ActiveCfg = Release|Any CPU
		{8297BCBC-A029-4217-ADFA-243A09BF7969}.Release|Any CPU.Build.0 = Release|Any CPU
		{8297BCBC-A029-4217-ADFA-243A09BF7969}.Release|x64.ActiveCfg = Release|Any CPU
		{8297BCBC-A029-4217-ADFA-243A09BF7969}.Release|x64.Build.0 = Release|Any CPU
		{8297BCBC-A029-4217-ADFA-243A09BF7969}.Release|x86.ActiveCfg = Release|Any CPU
		{8297BCBC-A029-4217-ADFA-243A09BF7969}.Release|x86.Build.0 = Release|Any CPU
		{D2F7B872-FC50-4693-B5BD-F31698AEBE95}.Debug|Any CPU.ActiveCfg = Debug|Any CPU
		{D2F7B872-FC50-4693-B5BD-F31698AEBE95}.Debug|Any CPU.Build.0 = Debug|Any CPU
		{D2F7B872-FC50-4693-B5BD-F31698AEBE95}.Debug|x64.ActiveCfg = Debug|Any CPU
		{D2F7B872-FC50-4693-B5BD-F31698AEBE95}.Debug|x64.Build.0 = Debug|Any CPU
		{D2F7B872-FC50-4693-B5BD-F31698AEBE95}.Debug|x86.ActiveCfg = Debug|Any CPU
		{D2F7B872-FC50-4693-B5BD-F31698AEBE95}.Debug|x86.Build.0 = Debug|Any CPU
		{D2F7B872-FC50-4693-B5BD-F31698AEBE95}.Release|Any CPU.ActiveCfg = Release|Any CPU
		{D2F7B872-FC50-4693-B5BD-F31698AEBE95}.Release|Any CPU.Build.0 = Release|Any CPU
		{D2F7B872-FC50-4693-B5BD-F31698AEBE95}.Release|x64.ActiveCfg = Release|Any CPU
		{D2F7B872-FC50-4693-B5BD-F31698AEBE95}.Release|x64.Build.0 = Release|Any CPU
		{D2F7B872-FC50-4693-B5BD-F31698AEBE95}.Release|x86.ActiveCfg = Release|Any CPU
		{D2F7B872-FC50-4693-B5BD-F31698AEBE95}.Release|x86.Build.0 = Release|Any CPU
	EndGlobalSection
	GlobalSection(SolutionProperties) = preSolution
		HideSolutionNode = FALSE
	EndGlobalSection
	GlobalSection(ExtensibilityGlobals) = postSolution
		SolutionGuid = {E701E691-CCF9-41C2-ADBA-24241B8701A2}
	EndGlobalSection
EndGlobal
